{
  "name": "immutable-demo",
  "version": "1.0.0",
  "lockfileVersion": 1,
  "requires": true,
  "dependencies": {
    "deep-diff": {
      "version": "0.3.8",
      "resolved": "https://registry.npmjs.org/deep-diff/-/deep-diff-0.3.8.tgz",
      "integrity": "sha1-wB3mPvsO7JeYgB1Ax+Da4ltYLIQ="
    },
    "immutable": {
      "version": "3.8.2",
      "resolved": "https://registry.npmjs.org/immutable/-/immutable-3.8.2.tgz",
      "integrity": "sha1-wkOZUUVbs5kT2vKBN28VMOEErfM="
    },
    "immutablediff": {
      "version": "0.4.4",
      "resolved": "https://registry.npmjs.org/immutablediff/-/immutablediff-0.4.4.tgz",
      "integrity": "sha1-oBDmlI9wD+EkNkM/NsbirYaXKrE=",
      "requires": {
        "immutable": "3.8.2"
      }
    },
    "seamless-immutable": {
      "version": "7.1.2",
      "resolved": "https://registry.npmjs.org/seamless-immutable/-/seamless-immutable-7.1.2.tgz",
      "integrity": "sha1-yHoeumdnoyRVMR12YArF7d6vu2k="
    }
  }
}
