{
    "name": "webpack_test",
    "version": "1.0.0",
    "lockfileVersion": 1,
    "requires": true,
    "dependencies": {
        "@types/node": {
            "version": "10.12.12",
            "resolved": "http://registry.npm.taobao.org/@types/node/download/@types/node-10.12.12.tgz",
            "integrity": "sha1-4VqdA02SEPADIO9xilDEp5lBfEc=",
            "dev": true
        }
    }
}
