{
  "name": "rxjs_test",
  "version": "1.0.0",
  "lockfileVersion": 1,
  "requires": true,
  "dependencies": {
    "rxjs": {
      "version": "5.5.12",
      "resolved": "http://registry.npm.taobao.org/rxjs/download/rxjs-5.5.12.tgz",
      "integrity": "sha1-b6YbinfD15PbrycL7i9D9lLXQcw=",
      "requires": {
        "symbol-observable": "1.0.1"
      }
    },
    "symbol-observable": {
      "version": "1.0.1",
      "resolved": "http://registry.npm.taobao.org/symbol-observable/download/symbol-observable-1.0.1.tgz",
      "integrity": "sha1-g0D8RwLDEi310iKI+IKD9RPT/dQ="
    }
  }
}
